// !$*UTF8*$!
{
	archiveVersion = 1;
	classes = {
	};
	objectVersion = 55;
	objects = {

/* Begin PBXBuildFile section */
		6875C31F27D97B430069F76A /* AppDelegate.swift in Sources */ = {isa = PBXBuildFile; fileRef = 6875C31E27D97B430069F76A /* AppDelegate.swift */; };
		6875C32127D97B430069F76A /* SceneDelegate.swift in Sources */ = {isa = PBXBuildFile; fileRef = 6875C32027D97B430069F76A /* SceneDelegate.swift */; };
		6875C32327D97B430069F76A /* ViewController.swift in Sources */ = {isa = PBXBuildFile; fileRef = 6875C32227D97B430069F76A /* ViewController.swift */; };
		6875C32627D97B430069F76A /* Main.storyboard in Resources */ = {isa = PBXBuildFile; fileRef = 6875C32427D97B430069F76A /* Main.storyboard */; };
		6875C32827D97B440069F76A /* Assets.xcassets in Resources */ = {isa = PBXBuildFile; fileRef = 6875C32727D97B440069F76A /* Assets.xcassets */; };
		6875C32B27D97B440069F76A /* LaunchScreen.storyboard in Resources */ = {isa = PBXBuildFile; fileRef = 6875C32927D97B440069F76A /* LaunchScreen.storyboard */; };
		6875C33627D97C280069F76A /* CustomFont.swift in Sources */ = {isa = PBXBuildFile; fileRef = 6875C33527D97C280069F76A /* CustomFont.swift */; };
		6875C33827D97DEA0069F76A /* CustomFontManager.swift in Sources */ = {isa = PBXBuildFile; fileRef = 6875C33727D97DEA0069F76A /* CustomFontManager.swift */; };
		6875C33A27D980040069F76A /* FontTableViewController.swift in Sources */ = {isa = PBXBuildFile; fileRef = 6875C33927D980040069F76A /* FontTableViewController.swift */; };
		6875C33C27D984AB0069F76A /* SelectedFontViewController.swift in Sources */ = {isa = PBXBuildFile; fileRef = 6875C33B27D984AB0069F76A /* SelectedFontViewController.swift */; };
/* End PBXBuildFile section */

/* Begin PBXFileReference section */
		6875C31B27D97B430069F76A /* Chapter17Demo.app */ = {isa = PBXFileReference; explicitFileType = wrapper.application; includeInIndex = 0; path = Chapter17Demo.app; sourceTree = BUILT_PRODUCTS_DIR; };
		6875C31E27D97B430069F76A /* AppDelegate.swift */ = {isa = PBXFileReference; lastKnownFileType = sourcecode.swift; path = AppDelegate.swift; sourceTree = "<group>"; };
		6875C32027D97B430069F76A /* SceneDelegate.swift */ = {isa = PBXFileReference; lastKnownFileType = sourcecode.swift; path = SceneDelegate.swift; sourceTree = "<group>"; };
		6875C32227D97B430069F76A /* ViewController.swift */ = {isa = PBXFileReference; lastKnownFileType = sourcecode.swift; path = ViewController.swift; sourceTree = "<group>"; };
		6875C32527D97B430069F76A /* Base */ = {isa = PBXFileReference; lastKnownFileType = file.storyboard; name = Base; path = Base.lproj/Main.storyboard; sourceTree = "<group>"; };
		6875C32727D97B440069F76A /* Assets.xcassets */ = {isa = PBXFileReference; lastKnownFileType = folder.assetcatalog; path = Assets.xcassets; sourceTree = "<group>"; };
		6875C32A27D97B440069F76A /* Base */ = {isa = PBXFileReference; lastKnownFileType = file.storyboard; name = Base; path = Base.lproj/LaunchScreen.storyboard; sourceTree = "<group>"; };
		6875C32C27D97B440069F76A /* Info.plist */ = {isa = PBXFileReference; lastKnownFileType = text.plist.xml; path = Info.plist; sourceTree = "<group>"; };
		6875C33527D97C280069F76A /* CustomFont.swift */ = {isa = PBXFileReference; lastKnownFileType = sourcecode.swift; path = CustomFont.swift; sourceTree = "<group>"; };
		6875C33727D97DEA0069F76A /* CustomFontManager.swift */ = {isa = PBXFileReference; lastKnownFileType = sourcecode.swift; path = CustomFontManager.swift; sourceTree = "<group>"; };
		6875C33927D980040069F76A /* FontTableViewController.swift */ = {isa = PBXFileReference; lastKnownFileType = sourcecode.swift; path = FontTableViewController.swift; sourceTree = "<group>"; };
		6875C33B27D984AB0069F76A /* SelectedFontViewController.swift */ = {isa = PBXFileReference; lastKnownFileType = sourcecode.swift; path = SelectedFontViewController.swift; sourceTree = "<group>"; };
/* End PBXFileReference section */

/* Begin PBXFrameworksBuildPhase section */
		6875C31827D97B430069F76A /* Frameworks */ = {
			isa = PBXFrameworksBuildPhase;
			buildActionMask = 2147483647;
			files = (
			);
			runOnlyForDeploymentPostprocessing = 0;
		};
/* End PBXFrameworksBuildPhase section */

/* Begin PBXGroup section */
		6875C31227D97B430069F76A = {
			isa = PBXGroup;
			children = (
				6875C31D27D97B430069F76A /* Chapter17Demo */,
				6875C31C27D97B430069F76A /* Products */,
			);
			sourceTree = "<group>";
		};
		6875C31C27D97B430069F76A /* Products */ = {
			isa = PBXGroup;
			children = (
				6875C31B27D97B430069F76A /* Chapter17Demo.app */,
			);
			name = Products;
			sourceTree = "<group>";
		};
		6875C31D27D97B430069F76A /* Chapter17Demo */ = {
			isa = PBXGroup;
			children = (
				6875C33427D97B9C0069F76A /* Controller */,
				6875C33327D97B920069F76A /* View */,
				6875C33227D97B860069F76A /* Model */,
				6875C31E27D97B430069F76A /* AppDelegate.swift */,
				6875C32027D97B430069F76A /* SceneDelegate.swift */,
				6875C32227D97B430069F76A /* ViewController.swift */,
				6875C32427D97B430069F76A /* Main.storyboard */,
				6875C32727D97B440069F76A /* Assets.xcassets */,
				6875C32927D97B440069F76A /* LaunchScreen.storyboard */,
				6875C32C27D97B440069F76A /* Info.plist */,
			);
			path = Chapter17Demo;
			sourceTree = "<group>";
		};
		6875C33227D97B860069F76A /* Model */ = {
			isa = PBXGroup;
			children = (
				6875C33527D97C280069F76A /* CustomFont.swift */,
				6875C33727D97DEA0069F76A /* CustomFontManager.swift */,
			);
			path = Model;
			sourceTree = "<group>";
		};
		6875C33327D97B920069F76A /* View */ = {
			isa = PBXGroup;
			children = (
			);
			path = View;
			sourceTree = "<group>";
		};
		6875C33427D97B9C0069F76A /* Controller */ = {
			isa = PBXGroup;
			children = (
				6875C33927D980040069F76A /* FontTableViewController.swift */,
				6875C33B27D984AB0069F76A /* SelectedFontViewController.swift */,
			);
			path = Controller;
			sourceTree = "<group>";
		};
/* End PBXGroup section */

/* Begin PBXNativeTarget section */
		6875C31A27D97B430069F76A /* Chapter17Demo */ = {
			isa = PBXNativeTarget;
			buildConfigurationList = 6875C32F27D97B440069F76A /* Build configuration list for PBXNativeTarget "Chapter17Demo" */;
			buildPhases = (
				6875C31727D97B430069F76A /* Sources */,
				6875C31827D97B430069F76A /* Frameworks */,
				6875C31927D97B430069F76A /* Resources */,
			);
			buildRules = (
			);
			dependencies = (
			);
			name = Chapter17Demo;
			productName = Chapter17Demo;
			productReference = 6875C31B27D97B430069F76A /* Chapter17Demo.app */;
			productType = "com.apple.product-type.application";
		};
/* End PBXNativeTarget section */

/* Begin PBXProject section */
		6875C31327D97B430069F76A /* Project object */ = {
			isa = PBXProject;
			attributes = {
				BuildIndependentTargetsInParallel = 1;
				LastSwiftUpdateCheck = 1320;
				LastUpgradeCheck = 1320;
				TargetAttributes = {
					6875C31A27D97B430069F76A = {
						CreatedOnToolsVersion = 13.2.1;
					};
				};
			};
			buildConfigurationList = 6875C31627D97B430069F76A /* Build configuration list for PBXProject "Chapter17Demo" */;
			compatibilityVersion = "Xcode 13.0";
			developmentRegion = en;
			hasScannedForEncodings = 0;
			knownRegions = (
				en,
				Base,
			);
			mainGroup = 6875C31227D97B430069F76A;
			productRefGroup = 6875C31C27D97B430069F76A /* Products */;
			projectDirPath = "";
			projectRoot = "";
			targets = (
				6875C31A27D97B430069F76A /* Chapter17Demo */,
			);
		};
/* End PBXProject section */

/* Begin PBXResourcesBuildPhase section */
		6875C31927D97B430069F76A /* Resources */ = {
			isa = PBXResourcesBuildPhase;
			buildActionMask = 2147483647;
			files = (
				6875C32B27D97B440069F76A /* LaunchScreen.storyboard in Resources */,
				6875C32827D97B440069F76A /* Assets.xcassets in Resources */,
				6875C32627D97B430069F76A /* Main.storyboard in Resources */,
			);
			runOnlyForDeploymentPostprocessing = 0;
		};
/* End PBXResourcesBuildPhase section */

/* Begin PBXSourcesBuildPhase section */
		6875C31727D97B430069F76A /* Sources */ = {
			isa = PBXSourcesBuildPhase;
			buildActionMask = 2147483647;
			files = (
				6875C33A27D980040069F76A /* FontTableViewController.swift in Sources */,
				6875C32327D97B430069F76A /* ViewController.swift in Sources */,
				6875C33627D97C280069F76A /* CustomFont.swift in Sources */,
				6875C31F27D97B430069F76A /* AppDelegate.swift in Sources */,
				6875C33C27D984AB0069F76A /* SelectedFontViewController.swift in Sources */,
				6875C32127D97B430069F76A /* SceneDelegate.swift in Sources */,
				6875C33827D97DEA0069F76A /* CustomFontManager.swift in Sources */,
			);
			runOnlyForDeploymentPostprocessing = 0;
		};
/* End PBXSourcesBuildPhase section */

/* Begin PBXVariantGroup section */
		6875C32427D97B430069F76A /* Main.storyboard */ = {
			isa = PBXVariantGroup;
			children = (
				6875C32527D97B430069F76A /* Base */,
			);
			name = Main.storyboard;
			sourceTree = "<group>";
		};
		6875C32927D97B440069F76A /* LaunchScreen.storyboard */ = {
			isa = PBXVariantGroup;
			children = (
				6875C32A27D97B440069F76A /* Base */,
			);
			name = LaunchScreen.storyboard;
			sourceTree = "<group>";
		};
/* End PBXVariantGroup section */

/* Begin XCBuildConfiguration section */
		6875C32D27D97B440069F76A /* Debug */ = {
			isa = XCBuildConfiguration;
			buildSettings = {
				ALWAYS_SEARCH_USER_PATHS = NO;
				CLANG_ANALYZER_NONNULL = YES;
				CLANG_ANALYZER_NUMBER_OBJECT_CONVERSION = YES_AGGRESSIVE;
				CLANG_CXX_LANGUAGE_STANDARD = "gnu++17";
				CLANG_CXX_LIBRARY = "libc++";
				CLANG_ENABLE_MODULES = YES;
				CLANG_ENABLE_OBJC_ARC = YES;
				CLANG_ENABLE_OBJC_WEAK = YES;
				CLANG_WARN_BLOCK_CAPTURE_AUTORELEASING = YES;
				CLANG_WARN_BOOL_CONVERSION = YES;
				CLANG_WARN_COMMA = YES;
				CLANG_WARN_CONSTANT_CONVERSION = YES;
				CLANG_WARN_DEPRECATED_OBJC_IMPLEMENTATIONS = YES;
				CLANG_WARN_DIRECT_OBJC_ISA_USAGE = YES_ERROR;
				CLANG_WARN_DOCUMENTATION_COMMENTS = YES;
				CLANG_WARN_EMPTY_BODY = YES;
				CLANG_WARN_ENUM_CONVERSION = YES;
				CLANG_WARN_INFINITE_RECURSION = YES;
				CLANG_WARN_INT_CONVERSION = YES;
				CLANG_WARN_NON_LITERAL_NULL_CONVERSION = YES;
				CLANG_WARN_OBJC_IMPLICIT_RETAIN_SELF = YES;
				CLANG_WARN_OBJC_LITERAL_CONVERSION = YES;
				CLANG_WARN_OBJC_ROOT_CLASS = YES_ERROR;
				CLANG_WARN_QUOTED_INCLUDE_IN_FRAMEWORK_HEADER = YES;
				CLANG_WARN_RANGE_LOOP_ANALYSIS = YES;
				CLANG_WARN_STRICT_PROTOTYPES = YES;
				CLANG_WARN_SUSPICIOUS_MOVE = YES;
				CLANG_WARN_UNGUARDED_AVAILABILITY = YES_AGGRESSIVE;
				CLANG_WARN_UNREACHABLE_CODE = YES;
				CLANG_WARN__DUPLICATE_METHOD_MATCH = YES;
				COPY_PHASE_STRIP = NO;
				DEBUG_INFORMATION_FORMAT = dwarf;
				ENABLE_STRICT_OBJC_MSGSEND = YES;
				ENABLE_TESTABILITY = YES;
				GCC_C_LANGUAGE_STANDARD = gnu11;
				GCC_DYNAMIC_NO_PIC = NO;
				GCC_NO_COMMON_BLOCKS = YES;
				GCC_OPTIMIZATION_LEVEL = 0;
				GCC_PREPROCESSOR_DEFINITIONS = (
					"DEBUG=1",
					"$(inherited)",
				);
				GCC_WARN_64_TO_32_BIT_CONVERSION = YES;
				GCC_WARN_ABOUT_RETURN_TYPE = YES_ERROR;
				GCC_WARN_UNDECLARED_SELECTOR = YES;
				GCC_WARN_UNINITIALIZED_AUTOS = YES_AGGRESSIVE;
				GCC_WARN_UNUSED_FUNCTION = YES;
				GCC_WARN_UNUSED_VARIABLE = YES;
				IPHONEOS_DEPLOYMENT_TARGET = 15.2;
				MTL_ENABLE_DEBUG_INFO = INCLUDE_SOURCE;
				MTL_FAST_MATH = YES;
				ONLY_ACTIVE_ARCH = YES;
				SDKROOT = iphoneos;
				SWIFT_ACTIVE_COMPILATION_CONDITIONS = DEBUG;
				SWIFT_OPTIMIZATION_LEVEL = "-Onone";
			};
			name = Debug;
		};
		6875C32E27D97B440069F76A /* Release */ = {
			isa = XCBuildConfiguration;
			buildSettings = {
				ALWAYS_SEARCH_USER_PATHS = NO;
				CLANG_ANALYZER_NONNULL = YES;
				CLANG_ANALYZER_NUMBER_OBJECT_CONVERSION = YES_AGGRESSIVE;
				CLANG_CXX_LANGUAGE_STANDARD = "gnu++17";
				CLANG_CXX_LIBRARY = "libc++";
				CLANG_ENABLE_MODULES = YES;
				CLANG_ENABLE_OBJC_ARC = YES;
				CLANG_ENABLE_OBJC_WEAK = YES;
				CLANG_WARN_BLOCK_CAPTURE_AUTORELEASING = YES;
				CLANG_WARN_BOOL_CONVERSION = YES;
				CLANG_WARN_COMMA = YES;
				CLANG_WARN_CONSTANT_CONVERSION = YES;
				CLANG_WARN_DEPRECATED_OBJC_IMPLEMENTATIONS = YES;
				CLANG_WARN_DIRECT_OBJC_ISA_USAGE = YES_ERROR;
				CLANG_WARN_DOCUMENTATION_COMMENTS = YES;
				CLANG_WARN_EMPTY_BODY = YES;
				CLANG_WARN_ENUM_CONVERSION = YES;
				CLANG_WARN_INFINITE_RECURSION = YES;
				CLANG_WARN_INT_CONVERSION = YES;
				CLANG_WARN_NON_LITERAL_NULL_CONVERSION = YES;
				CLANG_WARN_OBJC_IMPLICIT_RETAIN_SELF = YES;
				CLANG_WARN_OBJC_LITERAL_CONVERSION = YES;
				CLANG_WARN_OBJC_ROOT_CLASS = YES_ERROR;
				CLANG_WARN_QUOTED_INCLUDE_IN_FRAMEWORK_HEADER = YES;
				CLANG_WARN_RANGE_LOOP_ANALYSIS = YES;
				CLANG_WARN_STRICT_PROTOTYPES = YES;
				CLANG_WARN_SUSPICIOUS_MOVE = YES;
				CLANG_WARN_UNGUARDED_AVAILABILITY = YES_AGGRESSIVE;
				CLANG_WARN_UNREACHABLE_CODE = YES;
				CLANG_WARN__DUPLICATE_METHOD_MATCH = YES;
				COPY_PHASE_STRIP = NO;
				DEBUG_INFORMATION_FORMAT = "dwarf-with-dsym";
				ENABLE_NS_ASSERTIONS = NO;
				ENABLE_STRICT_OBJC_MSGSEND = YES;
				GCC_C_LANGUAGE_STANDARD = gnu11;
				GCC_NO_COMMON_BLOCKS = YES;
				GCC_WARN_64_TO_32_BIT_CONVERSION = YES;
				GCC_WARN_ABOUT_RETURN_TYPE = YES_ERROR;
				GCC_WARN_UNDECLARED_SELECTOR = YES;
				GCC_WARN_UNINITIALIZED_AUTOS = YES_AGGRESSIVE;
				GCC_WARN_UNUSED_FUNCTION = YES;
				GCC_WARN_UNUSED_VARIABLE = YES;
				IPHONEOS_DEPLOYMENT_TARGET = 15.2;
				MTL_ENABLE_DEBUG_INFO = NO;
				MTL_FAST_MATH = YES;
				SDKROOT = iphoneos;
				SWIFT_COMPILATION_MODE = wholemodule;
				SWIFT_OPTIMIZATION_LEVEL = "-O";
				VALIDATE_PRODUCT = YES;
			};
			name = Release;
		};
		6875C33027D97B440069F76A /* Debug */ = {
			isa = XCBuildConfiguration;
			buildSettings = {
				ASSETCATALOG_COMPILER_APPICON_NAME = AppIcon;
				ASSETCATALOG_COMPILER_GLOBAL_ACCENT_COLOR_NAME = AccentColor;
				CODE_SIGN_STYLE = Automatic;
				CURRENT_PROJECT_VERSION = 1;
				GENERATE_INFOPLIST_FILE = YES;
				INFOPLIST_FILE = Chapter17Demo/Info.plist;
				INFOPLIST_KEY_UIApplicationSupportsIndirectInputEvents = YES;
				INFOPLIST_KEY_UILaunchStoryboardName = LaunchScreen;
				INFOPLIST_KEY_UIMainStoryboardFile = Main;
				INFOPLIST_KEY_UISupportedInterfaceOrientations_iPad = "UIInterfaceOrientationPortrait UIInterfaceOrientationPortraitUpsideDown UIInterfaceOrientationLandscapeLeft UIInterfaceOrientationLandscapeRight";
				INFOPLIST_KEY_UISupportedInterfaceOrientations_iPhone = "UIInterfaceOrientationPortrait UIInterfaceOrientationLandscapeLeft UIInterfaceOrientationLandscapeRight";
				LD_RUNPATH_SEARCH_PATHS = (
					"$(inherited)",
					"@executable_path/Frameworks",
				);
				MARKETING_VERSION = 1.0;
				PRODUCT_BUNDLE_IDENTIFIER = ca.nait.dmit.cpsc1519.Chapter17Demo;
				PRODUCT_NAME = "$(TARGET_NAME)";
				SWIFT_EMIT_LOC_STRINGS = YES;
				SWIFT_VERSION = 5.0;
				TARGETED_DEVICE_FAMILY = "1,2";
			};
			name = Debug;
		};
		6875C33127D97B440069F76A /* Release */ = {
			isa = XCBuildConfiguration;
			buildSettings = {
				ASSETCATALOG_COMPILER_APPICON_NAME = AppIcon;
				ASSETCATALOG_COMPILER_GLOBAL_ACCENT_COLOR_NAME = AccentColor;
				CODE_SIGN_STYLE = Automatic;
				CURRENT_PROJECT_VERSION = 1;
				GENERATE_INFOPLIST_FILE = YES;
				INFOPLIST_FILE = Chapter17Demo/Info.plist;
				INFOPLIST_KEY_UIApplicationSupportsIndirectInputEvents = YES;
				INFOPLIST_KEY_UILaunchStoryboardName = LaunchScreen;
				INFOPLIST_KEY_UIMainStoryboardFile = Main;
				INFOPLIST_KEY_UISupportedInterfaceOrientations_iPad = "UIInterfaceOrientationPortrait UIInterfaceOrientationPortraitUpsideDown UIInterfaceOrientationLandscapeLeft UIInterfaceOrientationLandscapeRight";
				INFOPLIST_KEY_UISupportedInterfaceOrientations_iPhone = "UIInterfaceOrientationPortrait UIInterfaceOrientationLandscapeLeft UIInterfaceOrientationLandscapeRight";
				LD_RUNPATH_SEARCH_PATHS = (
					"$(inherited)",
					"@executable_path/Frameworks",
				);
				MARKETING_VERSION = 1.0;
				PRODUCT_BUNDLE_IDENTIFIER = ca.nait.dmit.cpsc1519.Chapter17Demo;
				PRODUCT_NAME = "$(TARGET_NAME)";
				SWIFT_EMIT_LOC_STRINGS = YES;
				SWIFT_VERSION = 5.0;
				TARGETED_DEVICE_FAMILY = "1,2";
			};
			name = Release;
		};
/* End XCBuildConfiguration section */

/* Begin XCConfigurationList section */
		6875C31627D97B430069F76A /* Build configuration list for PBXProject "Chapter17Demo" */ = {
			isa = XCConfigurationList;
			buildConfigurations = (
				6875C32D27D97B440069F76A /* Debug */,
				6875C32E27D97B440069F76A /* Release */,
			);
			defaultConfigurationIsVisible = 0;
			defaultConfigurationName = Release;
		};
		6875C32F27D97B440069F76A /* Build configuration list for PBXNativeTarget "Chapter17Demo" */ = {
			isa = XCConfigurationList;
			buildConfigurations = (
				6875C33027D97B440069F76A /* Debug */,
				6875C33127D97B440069F76A /* Release */,
			);
			defaultConfigurationIsVisible = 0;
			defaultConfigurationName = Release;
		};
/* End XCConfigurationList section */
	};
	rootObject = 6875C31327D97B430069F76A /* Project object */;
}
